
Microsoft Visual Studio Solution File, Format Version 12.00
# Visual Studio Version 16
VisualStudioVersion = 16.0.29418.71
MinimumVisualStudioVersion = 10.0.40219.1
Project("{FAE04EC0-301F-11D3-BF4B-00C04F79EFBC}") = "CMS_Grupa_C", "CMS_Grupa_C.csproj", "{204FCDCA-0A66-4DDD-9BB9-FA504E7B98CE}"
EndProject
Global
	GlobalSection(SolutionConfigurationPlatforms) = preSolution
		Debug|Any CPU = Debug|Any CPU
		Release|Any CPU = Release|Any CPU
	EndGlobalSection
	GlobalSection(ProjectConfigurationPlatforms) = postSolution
		{204FCDCA-0A66-4DDD-9BB9-FA504E7B98CE}.Debug|Any CPU.ActiveCfg = Debug|Any CPU
		{204FCDCA-0A66-4DDD-9BB9-FA504E7B98CE}.Debug|Any CPU.Build.0 = Debug|Any CPU
		{204FCDCA-0A66-4DDD-9BB9-FA504E7B98CE}.Release|Any CPU.ActiveCfg = Release|Any CPU
		{204FCDCA-0A66-4DDD-9BB9-FA504E7B98CE}.Release|Any CPU.Build.0 = Release|Any CPU
	EndGlobalSection
	GlobalSection(SolutionProperties) = preSolution
		HideSolutionNode = FALSE
	EndGlobalSection
	GlobalSection(ExtensibilityGlobals) = postSolution
		SolutionGuid = {39B3E9B0-D79A-4930-AAE5-02663AB77356}
	EndGlobalSection
EndGlobal
